
Microsoft Visual Studio Solution File, Format Version 12.00
# Visual Studio 15
VisualStudioVersion = 15.0.27130.2003
MinimumVisualStudioVersion = 10.0.40219.1
Project("{9A19103F-16F7-4668-BE54-9A1E7A4F7556}") = "psiot", "psiot\psiot.csproj", "{C806B98D-5AC6-44E9-B0CC-6D19DE3836FB}"
EndProject
Global
	GlobalSection(SolutionConfigurationPlatforms) = preSolution
		Debug|Any CPU = Debug|Any CPU
		Release|Any CPU = Release|Any CPU
	EndGlobalSection
	GlobalSection(ProjectConfigurationPlatforms) = postSolution
		{C806B98D-5AC6-44E9-B0CC-6D19DE3836FB}.Debug|Any CPU.ActiveCfg = Debug|Any CPU
		{C806B98D-5AC6-44E9-B0CC-6D19DE3836FB}.Debug|Any CPU.Build.0 = Debug|Any CPU
		{C806B98D-5AC6-44E9-B0CC-6D19DE3836FB}.Release|Any CPU.ActiveCfg = Release|Any CPU
		{C806B98D-5AC6-44E9-B0CC-6D19DE3836FB}.Release|Any CPU.Build.0 = Release|Any CPU
	EndGlobalSection
	GlobalSection(SolutionProperties) = preSolution
		HideSolutionNode = FALSE
	EndGlobalSection
	GlobalSection(ExtensibilityGlobals) = postSolution
		SolutionGuid = {2F50629C-F677-4660-A42C-ABAF9EE30D65}
	EndGlobalSection
EndGlobal
